
Microsoft Visual Studio Solution File, Format Version 12.00
# Visual Studio Version 16
VisualStudioVersion = 16.0.31424.327
MinimumVisualStudioVersion = 10.0.40219.1
Project("{9A19103F-16F7-4668-BE54-9A1E7A4F7556}") = "InfrastructureTestingApi", "InfrastructureTestingApi.csproj", "{033DB533-3472-438D-BD99-802E52A883CE}"
EndProject
Global
	GlobalSection(SolutionConfigurationPlatforms) = preSolution
		Debug|Any CPU = Debug|Any CPU
		Release|Any CPU = Release|Any CPU
	EndGlobalSection
	GlobalSection(ProjectConfigurationPlatforms) = postSolution
		{033DB533-3472-438D-BD99-802E52A883CE}.Debug|Any CPU.ActiveCfg = Debug|Any CPU
		{033DB533-3472-438D-BD99-802E52A883CE}.Debug|Any CPU.Build.0 = Debug|Any CPU
		{033DB533-3472-438D-BD99-802E52A883CE}.Release|Any CPU.ActiveCfg = Release|Any CPU
		{033DB533-3472-438D-BD99-802E52A883CE}.Release|Any CPU.Build.0 = Release|Any CPU
	EndGlobalSection
	GlobalSection(SolutionProperties) = preSolution
		HideSolutionNode = FALSE
	EndGlobalSection
	GlobalSection(ExtensibilityGlobals) = postSolution
		SolutionGuid = {DBC3040B-4F1F-4BF1-B166-0BF5275EEAEC}
	EndGlobalSection
EndGlobal
